
Microsoft Visual Studio Solution File, Format Version 11.00
# Visual Studio 2010
Project("{FAE04EC0-301F-11D3-BF4B-00C04F79EFBC}") = "Latinize", "Latinize\Latinize.csproj", "{A11C6BC7-7A00-4769-B6E8-98BFC488221C}"
EndProject
Project("{FAE04EC0-301F-11D3-BF4B-00C04F79EFBC}") = "Latinize.Sample", "Latinize.Sample\Latinize.Sample.csproj", "{31B85525-1E97-4B21-B37F-B4B6385C5CCE}"
EndProject
Project("{FAE04EC0-301F-11D3-BF4B-00C04F79EFBC}") = "Latinize.Tests", "Latinize.Tests\Latinize.Tests.csproj", "{3C43C00F-424A-4C27-8308-D127EA87358B}"
EndProject
Project("{2150E333-8FDC-42A3-9474-1A3956D46DE8}") = "Solution Items", "Solution Items", "{F22E8FB0-7920-4DE5-AB04-C4BB57AC634A}"
	ProjectSection(SolutionItems) = preProject
		Latinize.vsmdi = Latinize.vsmdi
		Local.testsettings = Local.testsettings
		TraceAndTestImpact.testsettings = TraceAndTestImpact.testsettings
	EndProjectSection
EndProject
Global
	GlobalSection(TestCaseManagementSettings) = postSolution
		CategoryFile = Latinize.vsmdi
	EndGlobalSection
	GlobalSection(SolutionConfigurationPlatforms) = preSolution
		Debug|Any CPU = Debug|Any CPU
		Debug|Mixed Platforms = Debug|Mixed Platforms
		Debug|x86 = Debug|x86
		Release|Any CPU = Release|Any CPU
		Release|Mixed Platforms = Release|Mixed Platforms
		Release|x86 = Release|x86
	EndGlobalSection
	GlobalSection(ProjectConfigurationPlatforms) = postSolution
		{A11C6BC7-7A00-4769-B6E8-98BFC488221C}.Debug|Any CPU.ActiveCfg = Debug|Any CPU
		{A11C6BC7-7A00-4769-B6E8-98BFC488221C}.Debug|Any CPU.Build.0 = Debug|Any CPU
		{A11C6BC7-7A00-4769-B6E8-98BFC488221C}.Debug|Mixed Platforms.ActiveCfg = Debug|Any CPU
		{A11C6BC7-7A00-4769-B6E8-98BFC488221C}.Debug|Mixed Platforms.Build.0 = Debug|Any CPU
		{A11C6BC7-7A00-4769-B6E8-98BFC488221C}.Debug|x86.ActiveCfg = Debug|Any CPU
		{A11C6BC7-7A00-4769-B6E8-98BFC488221C}.Release|Any CPU.ActiveCfg = Release|Any CPU
		{A11C6BC7-7A00-4769-B6E8-98BFC488221C}.Release|Any CPU.Build.0 = Release|Any CPU
		{A11C6BC7-7A00-4769-B6E8-98BFC488221C}.Release|Mixed Platforms.ActiveCfg = Release|Any CPU
		{A11C6BC7-7A00-4769-B6E8-98BFC488221C}.Release|Mixed Platforms.Build.0 = Release|Any CPU
		{A11C6BC7-7A00-4769-B6E8-98BFC488221C}.Release|x86.ActiveCfg = Release|Any CPU
		{31B85525-1E97-4B21-B37F-B4B6385C5CCE}.Debug|Any CPU.ActiveCfg = Debug|x86
		{31B85525-1E97-4B21-B37F-B4B6385C5CCE}.Debug|Mixed Platforms.ActiveCfg = Debug|x86
		{31B85525-1E97-4B21-B37F-B4B6385C5CCE}.Debug|Mixed Platforms.Build.0 = Debug|x86
		{31B85525-1E97-4B21-B37F-B4B6385C5CCE}.Debug|x86.ActiveCfg = Debug|x86
		{31B85525-1E97-4B21-B37F-B4B6385C5CCE}.Debug|x86.Build.0 = Debug|x86
		{31B85525-1E97-4B21-B37F-B4B6385C5CCE}.Release|Any CPU.ActiveCfg = Release|x86
		{31B85525-1E97-4B21-B37F-B4B6385C5CCE}.Release|Mixed Platforms.ActiveCfg = Release|x86
		{31B85525-1E97-4B21-B37F-B4B6385C5CCE}.Release|Mixed Platforms.Build.0 = Release|x86
		{31B85525-1E97-4B21-B37F-B4B6385C5CCE}.Release|x86.ActiveCfg = Release|x86
		{31B85525-1E97-4B21-B37F-B4B6385C5CCE}.Release|x86.Build.0 = Release|x86
		{3C43C00F-424A-4C27-8308-D127EA87358B}.Debug|Any CPU.ActiveCfg = Debug|Any CPU
		{3C43C00F-424A-4C27-8308-D127EA87358B}.Debug|Any CPU.Build.0 = Debug|Any CPU
		{3C43C00F-424A-4C27-8308-D127EA87358B}.Debug|Mixed Platforms.ActiveCfg = Debug|Any CPU
		{3C43C00F-424A-4C27-8308-D127EA87358B}.Debug|Mixed Platforms.Build.0 = Debug|Any CPU
		{3C43C00F-424A-4C27-8308-D127EA87358B}.Debug|x86.ActiveCfg = Debug|Any CPU
		{3C43C00F-424A-4C27-8308-D127EA87358B}.Release|Any CPU.ActiveCfg = Release|Any CPU
		{3C43C00F-424A-4C27-8308-D127EA87358B}.Release|Any CPU.Build.0 = Release|Any CPU
		{3C43C00F-424A-4C27-8308-D127EA87358B}.Release|Mixed Platforms.ActiveCfg = Release|Any CPU
		{3C43C00F-424A-4C27-8308-D127EA87358B}.Release|Mixed Platforms.Build.0 = Release|Any CPU
		{3C43C00F-424A-4C27-8308-D127EA87358B}.Release|x86.ActiveCfg = Release|Any CPU
	EndGlobalSection
	GlobalSection(SolutionProperties) = preSolution
		HideSolutionNode = FALSE
	EndGlobalSection
EndGlobal
